# THIS IS AN AUTOGENERATED FILE. DO NOT EDIT THIS FILE DIRECTLY.
# yarn lockfile v1


"@types/d3-selection@^1.4.1":
  version "1.4.1"
  resolved "https://registry.yarnpkg.com/@types/d3-selection/-/d3-selection-1.4.1.tgz#fa1f8710a6b5d7cfe5c6caa61d161be7cae4a022"
  integrity sha512-bv8IfFYo/xG6dxri9OwDnK3yCagYPeRIjTlrcdYJSx+FDWlCeBDepIHUpqROmhPtZ53jyna0aUajZRk0I3rXNA==

d3-selection@^1.4.0:
  version "1.4.0"
  resolved "https://registry.yarnpkg.com/d3-selection/-/d3-selection-1.4.0.tgz#ab9ac1e664cf967ebf1b479cc07e28ce9908c474"
  integrity sha512-EYVwBxQGEjLCKF2pJ4+yrErskDnz5v403qvAid96cNdCMr8rmCYfY5RGzWz24mdIbxmDf6/4EAH+K9xperD5jg==

prettier@^1.17.1:
  version "1.17.1"
  resolved "https://registry.npm.taobao.org/prettier/download/prettier-1.17.1.tgz#ed64b4e93e370cb8a25b9ef7fef3e4fd1c0995db"
  integrity sha1-7WS06T43DLiiW573/vPk/RwJlds=

typescript@^3.4.5:
  version "3.4.5"
  resolved "https://registry.npm.taobao.org/typescript/download/typescript-3.4.5.tgz#2d2618d10bb566572b8d7aad5180d84257d70a99"
  integrity sha1-LSYY0Qu1ZlcrjXqtUYDYQlfXCpk=
